// !$*UTF8*$!
{
	archiveVersion = 1;
	classes = {
	};
	objectVersion = 50;
	objects = {

/* Begin PBXBuildFile section */
		E1367FD723AC6C60009C7B25 /* Array+Missions.swift in Sources */ = {isa = PBXBuildFile; fileRef = E1367FD623AC6C60009C7B25 /* Array+Missions.swift */; };
		E13A6A9F233ADAD7003D3415 /* LeftMissionsViewController.swift in Sources */ = {isa = PBXBuildFile; fileRef = E13A6A9E233ADAD7003D3415 /* LeftMissionsViewController.swift */; };
		E13A6AA1233ADAF4003D3415 /* RightMissionsViewController.swift in Sources */ = {isa = PBXBuildFile; fileRef = E13A6AA0233ADAF4003D3415 /* RightMissionsViewController.swift */; };
		E140A2CC2341149C00986539 /* Strings.swift in Sources */ = {isa = PBXBuildFile; fileRef = E140A2CB2341149C00986539 /* Strings.swift */; };
		E140A2CF2341159800986539 /* NotificationCenter+Missions.swift in Sources */ = {isa = PBXBuildFile; fileRef = E140A2CE2341159800986539 /* NotificationCenter+Missions.swift */; };
		E140A2D22341178000986539 /* NotificationType.swift in Sources */ = {isa = PBXBuildFile; fileRef = E140A2D12341178000986539 /* NotificationType.swift */; };
		E16C62E5233E7B1F00E7A4C5 /* SelectDeviceTableViewController.swift in Sources */ = {isa = PBXBuildFile; fileRef = E16C62E4233E7B1E00E7A4C5 /* SelectDeviceTableViewController.swift */; };
		E16C62E7233E7C1000E7A4C5 /* SetupDeviceTableViewController.swift in Sources */ = {isa = PBXBuildFile; fileRef = E16C62E6233E7C1000E7A4C5 /* SetupDeviceTableViewController.swift */; };
		E174C98D234C3193002B6A42 /* MissionsView.xib in Resources */ = {isa = PBXBuildFile; fileRef = E174C98C234C3193002B6A42 /* MissionsView.xib */; };
		E174C98F234C3642002B6A42 /* MissionsView.swift in Sources */ = {isa = PBXBuildFile; fileRef = E174C98E234C3642002B6A42 /* MissionsView.swift */; };
		E18C923D23688744002BAFF6 /* String+Missions.swift in Sources */ = {isa = PBXBuildFile; fileRef = E18C923C23688744002BAFF6 /* String+Missions.swift */; };
		E18F6AA42338308700AFA7EA /* PageViewController.swift in Sources */ = {isa = PBXBuildFile; fileRef = E18F6AA32338308700AFA7EA /* PageViewController.swift */; };
		E18F6AA6233849ED00AFA7EA /* HomePageViewController.swift in Sources */ = {isa = PBXBuildFile; fileRef = E18F6AA5233849ED00AFA7EA /* HomePageViewController.swift */; };
		E18F6AAE23390BE000AFA7EA /* SelectDeviceTableVIewCell.swift in Sources */ = {isa = PBXBuildFile; fileRef = E18F6AAD23390BE000AFA7EA /* SelectDeviceTableVIewCell.swift */; };
		E19274F623919CC0002F16BD /* ActivityPredictionViewController.swift in Sources */ = {isa = PBXBuildFile; fileRef = E19274F523919CC0002F16BD /* ActivityPredictionViewController.swift */; };
		E19429D323A738FC00F83066 /* SmartShoeInsoleStanceClassifier.mlmodel in Sources */ = {isa = PBXBuildFile; fileRef = E19429D123A738FC00F83066 /* SmartShoeInsoleStanceClassifier.mlmodel */; };
		E19429D423A738FC00F83066 /* SmartShoeInsoleStanceValue.mlmodel in Sources */ = {isa = PBXBuildFile; fileRef = E19429D223A738FC00F83066 /* SmartShoeInsoleStanceValue.mlmodel */; };
		E1BABA892324951C009BAACF /* Camera.swift in Sources */ = {isa = PBXBuildFile; fileRef = E1BABA882324951C009BAACF /* Camera.swift */; };
		E1BABA8B23259D61009BAACF /* SocketIO.swift in Sources */ = {isa = PBXBuildFile; fileRef = E1BABA8A23259D61009BAACF /* SocketIO.swift */; };
		E1BABA8D2325A94F009BAACF /* CameraViewController.swift in Sources */ = {isa = PBXBuildFile; fileRef = E1BABA8C2325A94F009BAACF /* CameraViewController.swift */; };
		E1BABA8F232EDA74009BAACF /* BLE.swift in Sources */ = {isa = PBXBuildFile; fileRef = E1BABA8E232EDA74009BAACF /* BLE.swift */; };
		E1BC63AD230A0E8B0096A014 /* Missions.swift in Sources */ = {isa = PBXBuildFile; fileRef = E1BC63AC230A0E8B0096A014 /* Missions.swift */; };
		E1BC63AF230A45ED0096A014 /* HomeViewController.swift in Sources */ = {isa = PBXBuildFile; fileRef = E1BC63AE230A45ED0096A014 /* HomeViewController.swift */; };
		E1BFFC68234A4BBA00692E84 /* RecordingTableViewCell.swift in Sources */ = {isa = PBXBuildFile; fileRef = E1BFFC67234A4BBA00692E84 /* RecordingTableViewCell.swift */; };
		E1BFFC6A234A4F0600692E84 /* MainViewController.swift in Sources */ = {isa = PBXBuildFile; fileRef = E1BFFC69234A4F0600692E84 /* MainViewController.swift */; };
		E1DBA5412358B6F7000D458B /* Disk.swift in Sources */ = {isa = PBXBuildFile; fileRef = E1DBA5402358B6F7000D458B /* Disk.swift */; };
		E1DBA58E235D2C77000D458B /* CSwiftV.swift in Sources */ = {isa = PBXBuildFile; fileRef = E1DBA58D235D2C77000D458B /* CSwiftV.swift */; };
		E1DBA590235D2C98000D458B /* Session.swift in Sources */ = {isa = PBXBuildFile; fileRef = E1DBA58F235D2C98000D458B /* Session.swift */; };
		E1DBA59D236353E6000D458B /* Date+Missions.swift in Sources */ = {isa = PBXBuildFile; fileRef = E1DBA59C236353E6000D458B /* Date+Missions.swift */; };
		E1DBA59F2363542B000D458B /* TimeInterval+Missions.swift in Sources */ = {isa = PBXBuildFile; fileRef = E1DBA59E2363542B000D458B /* TimeInterval+Missions.swift */; };
		E1EEFC7B2309A65E006192EE /* AppDelegate.swift in Sources */ = {isa = PBXBuildFile; fileRef = E1EEFC7A2309A65E006192EE /* AppDelegate.swift */; };
		E1EEFC7D2309A65E006192EE /* MissionsViewController.swift in Sources */ = {isa = PBXBuildFile; fileRef = E1EEFC7C2309A65E006192EE /* MissionsViewController.swift */; };
		E1EEFC802309A65E006192EE /* Main.storyboard in Resources */ = {isa = PBXBuildFile; fileRef = E1EEFC7E2309A65E006192EE /* Main.storyboard */; };
		E1EEFC822309A65F006192EE /* Assets.xcassets in Resources */ = {isa = PBXBuildFile; fileRef = E1EEFC812309A65F006192EE /* Assets.xcassets */; };
		E1EEFC852309A65F006192EE /* LaunchScreen.storyboard in Resources */ = {isa = PBXBuildFile; fileRef = E1EEFC832309A65F006192EE /* LaunchScreen.storyboard */; };
		EACE7B6222F28BB7669CC98D /* Pods_missions.framework in Frameworks */ = {isa = PBXBuildFile; fileRef = 2A53002EF744880EAB08C3AF /* Pods_missions.framework */; };
		EAF98BAB23A98F2100E42645 /* AudioPlayback.swift in Sources */ = {isa = PBXBuildFile; fileRef = EAF98BAA23A98F2100E42645 /* AudioPlayback.swift */; };
		EAF98BAE23A99CE900E42645 /* Lover.mp3 in Resources */ = {isa = PBXBuildFile; fileRef = EAF98BAD23A99CE900E42645 /* Lover.mp3 */; };
/* End PBXBuildFile section */

/* Begin PBXFileReference section */
		06BCC4732A22130C4782FCD8 /* Pods-missions.release.xcconfig */ = {isa = PBXFileReference; includeInIndex = 1; lastKnownFileType = text.xcconfig; name = "Pods-missions.release.xcconfig"; path = "Pods/Target Support Files/Pods-missions/Pods-missions.release.xcconfig"; sourceTree = "<group>"; };
		2A53002EF744880EAB08C3AF /* Pods_missions.framework */ = {isa = PBXFileReference; explicitFileType = wrapper.framework; includeInIndex = 0; path = Pods_missions.framework; sourceTree = BUILT_PRODUCTS_DIR; };
		9C17EB3290871AA563D09E91 /* Pods-missions.debug.xcconfig */ = {isa = PBXFileReference; includeInIndex = 1; lastKnownFileType = text.xcconfig; name = "Pods-missions.debug.xcconfig"; path = "Pods/Target Support Files/Pods-missions/Pods-missions.debug.xcconfig"; sourceTree = "<group>"; };
		E1367FD623AC6C60009C7B25 /* Array+Missions.swift */ = {isa = PBXFileReference; lastKnownFileType = sourcecode.swift; path = "Array+Missions.swift"; sourceTree = "<group>"; };
		E13A6A9E233ADAD7003D3415 /* LeftMissionsViewController.swift */ = {isa = PBXFileReference; lastKnownFileType = sourcecode.swift; path = LeftMissionsViewController.swift; sourceTree = "<group>"; };
		E13A6AA0233ADAF4003D3415 /* RightMissionsViewController.swift */ = {isa = PBXFileReference; lastKnownFileType = sourcecode.swift; path = RightMissionsViewController.swift; sourceTree = "<group>"; };
		E140A2CB2341149C00986539 /* Strings.swift */ = {isa = PBXFileReference; lastKnownFileType = sourcecode.swift; path = Strings.swift; sourceTree = "<group>"; };
		E140A2CE2341159800986539 /* NotificationCenter+Missions.swift */ = {isa = PBXFileReference; lastKnownFileType = sourcecode.swift; path = "NotificationCenter+Missions.swift"; sourceTree = "<group>"; };
		E140A2D12341178000986539 /* NotificationType.swift */ = {isa = PBXFileReference; lastKnownFileType = sourcecode.swift; path = NotificationType.swift; sourceTree = "<group>"; };
		E16C62E4233E7B1E00E7A4C5 /* SelectDeviceTableViewController.swift */ = {isa = PBXFileReference; fileEncoding = 4; lastKnownFileType = sourcecode.swift; path = SelectDeviceTableViewController.swift; sourceTree = "<group>"; };
		E16C62E6233E7C1000E7A4C5 /* SetupDeviceTableViewController.swift */ = {isa = PBXFileReference; lastKnownFileType = sourcecode.swift; path = SetupDeviceTableViewController.swift; sourceTree = "<group>"; };
		E174C98C234C3193002B6A42 /* MissionsView.xib */ = {isa = PBXFileReference; lastKnownFileType = file.xib; path = MissionsView.xib; sourceTree = "<group>"; };
		E174C98E234C3642002B6A42 /* MissionsView.swift */ = {isa = PBXFileReference; lastKnownFileType = sourcecode.swift; path = MissionsView.swift; sourceTree = "<group>"; };
		E18C923C23688744002BAFF6 /* String+Missions.swift */ = {isa = PBXFileReference; lastKnownFileType = sourcecode.swift; path = "String+Missions.swift"; sourceTree = "<group>"; };
		E18F6AA32338308700AFA7EA /* PageViewController.swift */ = {isa = PBXFileReference; lastKnownFileType = sourcecode.swift; path = PageViewController.swift; sourceTree = "<group>"; };
		E18F6AA5233849ED00AFA7EA /* HomePageViewController.swift */ = {isa = PBXFileReference; lastKnownFileType = sourcecode.swift; path = HomePageViewController.swift; sourceTree = "<group>"; };
		E18F6AAD23390BE000AFA7EA /* SelectDeviceTableVIewCell.swift */ = {isa = PBXFileReference; lastKnownFileType = sourcecode.swift; path = SelectDeviceTableVIewCell.swift; sourceTree = "<group>"; };
		E19274F523919CC0002F16BD /* ActivityPredictionViewController.swift */ = {isa = PBXFileReference; lastKnownFileType = sourcecode.swift; path = ActivityPredictionViewController.swift; sourceTree = "<group>"; };
		E19429D123A738FC00F83066 /* SmartShoeInsoleStanceClassifier.mlmodel */ = {isa = PBXFileReference; lastKnownFileType = file.mlmodel; path = SmartShoeInsoleStanceClassifier.mlmodel; sourceTree = "<group>"; };
		E19429D223A738FC00F83066 /* SmartShoeInsoleStanceValue.mlmodel */ = {isa = PBXFileReference; lastKnownFileType = file.mlmodel; path = SmartShoeInsoleStanceValue.mlmodel; sourceTree = "<group>"; };
		E1BABA882324951C009BAACF /* Camera.swift */ = {isa = PBXFileReference; lastKnownFileType = sourcecode.swift; path = Camera.swift; sourceTree = "<group>"; };
		E1BABA8A23259D61009BAACF /* SocketIO.swift */ = {isa = PBXFileReference; lastKnownFileType = sourcecode.swift; path = SocketIO.swift; sourceTree = "<group>"; };
		E1BABA8C2325A94F009BAACF /* CameraViewController.swift */ = {isa = PBXFileReference; lastKnownFileType = sourcecode.swift; path = CameraViewController.swift; sourceTree = "<group>"; };
		E1BABA8E232EDA74009BAACF /* BLE.swift */ = {isa = PBXFileReference; lastKnownFileType = sourcecode.swift; path = BLE.swift; sourceTree = "<group>"; };
		E1BC63AC230A0E8B0096A014 /* Missions.swift */ = {isa = PBXFileReference; lastKnownFileType = sourcecode.swift; path = Missions.swift; sourceTree = "<group>"; };
		E1BC63AE230A45ED0096A014 /* HomeViewController.swift */ = {isa = PBXFileReference; lastKnownFileType = sourcecode.swift; path = HomeViewController.swift; sourceTree = "<group>"; };
		E1BFFC67234A4BBA00692E84 /* RecordingTableViewCell.swift */ = {isa = PBXFileReference; lastKnownFileType = sourcecode.swift; path = RecordingTableViewCell.swift; sourceTree = "<group>"; };
		E1BFFC69234A4F0600692E84 /* MainViewController.swift */ = {isa = PBXFileReference; lastKnownFileType = sourcecode.swift; path = MainViewController.swift; sourceTree = "<group>"; };
		E1DBA5402358B6F7000D458B /* Disk.swift */ = {isa = PBXFileReference; lastKnownFileType = sourcecode.swift; path = Disk.swift; sourceTree = "<group>"; };
		E1DBA58D235D2C77000D458B /* CSwiftV.swift */ = {isa = PBXFileReference; lastKnownFileType = sourcecode.swift; path = CSwiftV.swift; sourceTree = "<group>"; };
		E1DBA58F235D2C98000D458B /* Session.swift */ = {isa = PBXFileReference; lastKnownFileType = sourcecode.swift; path = Session.swift; sourceTree = "<group>"; };
		E1DBA59C236353E6000D458B /* Date+Missions.swift */ = {isa = PBXFileReference; lastKnownFileType = sourcecode.swift; path = "Date+Missions.swift"; sourceTree = "<group>"; };
		E1DBA59E2363542B000D458B /* TimeInterval+Missions.swift */ = {isa = PBXFileReference; lastKnownFileType = sourcecode.swift; path = "TimeInterval+Missions.swift"; sourceTree = "<group>"; };
		E1EEFC772309A65E006192EE /* missions.app */ = {isa = PBXFileReference; explicitFileType = wrapper.application; includeInIndex = 0; path = missions.app; sourceTree = BUILT_PRODUCTS_DIR; };
		E1EEFC7A2309A65E006192EE /* AppDelegate.swift */ = {isa = PBXFileReference; lastKnownFileType = sourcecode.swift; path = AppDelegate.swift; sourceTree = "<group>"; };
		E1EEFC7C2309A65E006192EE /* MissionsViewController.swift */ = {isa = PBXFileReference; lastKnownFileType = sourcecode.swift; path = MissionsViewController.swift; sourceTree = "<group>"; };
		E1EEFC7F2309A65E006192EE /* Base */ = {isa = PBXFileReference; lastKnownFileType = file.storyboard; name = Base; path = Base.lproj/Main.storyboard; sourceTree = "<group>"; };
		E1EEFC812309A65F006192EE /* Assets.xcassets */ = {isa = PBXFileReference; lastKnownFileType = folder.assetcatalog; path = Assets.xcassets; sourceTree = "<group>"; };
		E1EEFC842309A65F006192EE /* Base */ = {isa = PBXFileReference; lastKnownFileType = file.storyboard; name = Base; path = Base.lproj/LaunchScreen.storyboard; sourceTree = "<group>"; };
		E1EEFC862309A65F006192EE /* Info.plist */ = {isa = PBXFileReference; lastKnownFileType = text.plist.xml; path = Info.plist; sourceTree = "<group>"; };
		EAF98BAA23A98F2100E42645 /* AudioPlayback.swift */ = {isa = PBXFileReference; lastKnownFileType = sourcecode.swift; path = AudioPlayback.swift; sourceTree = "<group>"; };
		EAF98BAD23A99CE900E42645 /* Lover.mp3 */ = {isa = PBXFileReference; lastKnownFileType = audio.mp3; name = Lover.mp3; path = ../../../../Downloads/Lover.mp3; sourceTree = "<group>"; };
/* End PBXFileReference section */

/* Begin PBXFrameworksBuildPhase section */
		E1EEFC742309A65E006192EE /* Frameworks */ = {
			isa = PBXFrameworksBuildPhase;
			buildActionMask = 2147483647;
			files = (
				EACE7B6222F28BB7669CC98D /* Pods_missions.framework in Frameworks */,
			);
			runOnlyForDeploymentPostprocessing = 0;
		};
/* End PBXFrameworksBuildPhase section */

/* Begin PBXGroup section */
		98BE8BEDC63659AEDCAC6058 /* Pods */ = {
			isa = PBXGroup;
			children = (
				9C17EB3290871AA563D09E91 /* Pods-missions.debug.xcconfig */,
				06BCC4732A22130C4782FCD8 /* Pods-missions.release.xcconfig */,
			);
			name = Pods;
			sourceTree = "<group>";
		};
		CCA5C32971C015F3013995AA /* Frameworks */ = {
			isa = PBXGroup;
			children = (
				2A53002EF744880EAB08C3AF /* Pods_missions.framework */,
			);
			name = Frameworks;
			sourceTree = "<group>";
		};
		E140A2CD2341158300986539 /* Extensions */ = {
			isa = PBXGroup;
			children = (
				E140A2CE2341159800986539 /* NotificationCenter+Missions.swift */,
				E1DBA59C236353E6000D458B /* Date+Missions.swift */,
				E1DBA59E2363542B000D458B /* TimeInterval+Missions.swift */,
				E18C923C23688744002BAFF6 /* String+Missions.swift */,
				E1367FD623AC6C60009C7B25 /* Array+Missions.swift */,
			);
			path = Extensions;
			sourceTree = "<group>";
		};
		E140A2D02341176C00986539 /* Protocols */ = {
			isa = PBXGroup;
			children = (
				E140A2D12341178000986539 /* NotificationType.swift */,
			);
			path = Protocols;
			sourceTree = "<group>";
		};
		E16C62E8233E7C8000E7A4C5 /* Demo1 */ = {
			isa = PBXGroup;
			children = (
				E16C62E4233E7B1E00E7A4C5 /* SelectDeviceTableViewController.swift */,
				E16C62E6233E7C1000E7A4C5 /* SetupDeviceTableViewController.swift */,
				E13A6A9E233ADAD7003D3415 /* LeftMissionsViewController.swift */,
				E13A6AA0233ADAF4003D3415 /* RightMissionsViewController.swift */,
				E1BC63AE230A45ED0096A014 /* HomeViewController.swift */,
				E1BABA8C2325A94F009BAACF /* CameraViewController.swift */,
				E1EEFC7C2309A65E006192EE /* MissionsViewController.swift */,
			);
			path = Demo1;
			sourceTree = "<group>";
		};
		E16C62E9233E7CC800E7A4C5 /* Demo1 */ = {
			isa = PBXGroup;
			children = (
				E1BABA882324951C009BAACF /* Camera.swift */,
				E1BABA8A23259D61009BAACF /* SocketIO.swift */,
			);
			path = Demo1;
			sourceTree = "<group>";
		};
		E18F6AA72339080D00AFA7EA /* Models */ = {
			isa = PBXGroup;
			children = (
				E16C62E9233E7CC800E7A4C5 /* Demo1 */,
				E1BC63AC230A0E8B0096A014 /* Missions.swift */,
				EAF98BAA23A98F2100E42645 /* AudioPlayback.swift */,
				E1BABA8E232EDA74009BAACF /* BLE.swift */,
				E140A2CB2341149C00986539 /* Strings.swift */,
				E1DBA58F235D2C98000D458B /* Session.swift */,
			);
			path = Models;
			sourceTree = "<group>";
		};
		E18F6AA82339081800AFA7EA /* Controllers */ = {
			isa = PBXGroup;
			children = (
				E18F6AAB233908A300AFA7EA /* Start */,
				E1BFFC66234A477500692E84 /* Demo2 */,
				E16C62E8233E7C8000E7A4C5 /* Demo1 */,
			);
			path = Controllers;
			sourceTree = "<group>";
		};
		E18F6AA92339082100AFA7EA /* Views */ = {
			isa = PBXGroup;
			children = (
				E18F6AAD23390BE000AFA7EA /* SelectDeviceTableVIewCell.swift */,
				E1BFFC67234A4BBA00692E84 /* RecordingTableViewCell.swift */,
				E174C98C234C3193002B6A42 /* MissionsView.xib */,
				E174C98E234C3642002B6A42 /* MissionsView.swift */,
			);
			path = Views;
			sourceTree = "<group>";
		};
		E18F6AAA2339086100AFA7EA /* Storyboards */ = {
			isa = PBXGroup;
			children = (
				E1EEFC832309A65F006192EE /* LaunchScreen.storyboard */,
				E1EEFC7E2309A65E006192EE /* Main.storyboard */,
			);
			path = Storyboards;
			sourceTree = "<group>";
		};
		E18F6AAB233908A300AFA7EA /* Start */ = {
			isa = PBXGroup;
			children = (
				E18F6AA5233849ED00AFA7EA /* HomePageViewController.swift */,
				E18F6AA32338308700AFA7EA /* PageViewController.swift */,
			);
			path = Start;
			sourceTree = "<group>";
		};
		E1BC63B023143E190096A014 /* Resources */ = {
			isa = PBXGroup;
			children = (
				E19429D123A738FC00F83066 /* SmartShoeInsoleStanceClassifier.mlmodel */,
				E19429D223A738FC00F83066 /* SmartShoeInsoleStanceValue.mlmodel */,
			);
			path = Resources;
			sourceTree = "<group>";
		};
		E1BFFC66234A477500692E84 /* Demo2 */ = {
			isa = PBXGroup;
			children = (
				E1BFFC69234A4F0600692E84 /* MainViewController.swift */,
				E19274F523919CC0002F16BD /* ActivityPredictionViewController.swift */,
			);
			path = Demo2;
			sourceTree = "<group>";
		};
		E1DBA53F2358B6E2000D458B /* Helpers */ = {
			isa = PBXGroup;
			children = (
				E1DBA5402358B6F7000D458B /* Disk.swift */,
				E1DBA58D235D2C77000D458B /* CSwiftV.swift */,
			);
			path = Helpers;
			sourceTree = "<group>";
		};
		E1EEFC6E2309A65E006192EE = {
			isa = PBXGroup;
			children = (
				E1BC63B023143E190096A014 /* Resources */,
				E1EEFC792309A65E006192EE /* missions */,
				E1EEFC782309A65E006192EE /* Products */,
				98BE8BEDC63659AEDCAC6058 /* Pods */,
				CCA5C32971C015F3013995AA /* Frameworks */,
			);
			sourceTree = "<group>";
		};
		E1EEFC782309A65E006192EE /* Products */ = {
			isa = PBXGroup;
			children = (
				E1EEFC772309A65E006192EE /* missions.app */,
			);
			name = Products;
			sourceTree = "<group>";
		};
		E1EEFC792309A65E006192EE /* missions */ = {
			isa = PBXGroup;
			children = (
				E1EEFC7A2309A65E006192EE /* AppDelegate.swift */,
				E1DBA53F2358B6E2000D458B /* Helpers */,
				E140A2D02341176C00986539 /* Protocols */,
				E140A2CD2341158300986539 /* Extensions */,
				E18F6AAA2339086100AFA7EA /* Storyboards */,
				E18F6AA92339082100AFA7EA /* Views */,
				E18F6AA82339081800AFA7EA /* Controllers */,
				EAF98BAC23A99CD400E42645 /* Sound */,
				E18F6AA72339080D00AFA7EA /* Models */,
				E1EEFC812309A65F006192EE /* Assets.xcassets */,
				E1EEFC862309A65F006192EE /* Info.plist */,
			);
			path = missions;
			sourceTree = "<group>";
		};
		EAF98BAC23A99CD400E42645 /* Sound */ = {
			isa = PBXGroup;
			children = (
				EAF98BAD23A99CE900E42645 /* Lover.mp3 */,
			);
			path = Sound;
			sourceTree = "<group>";
		};
/* End PBXGroup section */

/* Begin PBXNativeTarget section */
		E1EEFC762309A65E006192EE /* missions */ = {
			isa = PBXNativeTarget;
			buildConfigurationList = E1EEFC892309A65F006192EE /* Build configuration list for PBXNativeTarget "missions" */;
			buildPhases = (
				D08D9BAAD576B2E87D8528BB /* [CP] Check Pods Manifest.lock */,
				E1EEFC732309A65E006192EE /* Sources */,
				E1EEFC742309A65E006192EE /* Frameworks */,
				E1EEFC752309A65E006192EE /* Resources */,
				806F5647E4BC48D9546900F7 /* [CP] Embed Pods Frameworks */,
			);
			buildRules = (
			);
			dependencies = (
			);
			name = missions;
			productName = missions;
			productReference = E1EEFC772309A65E006192EE /* missions.app */;
			productType = "com.apple.product-type.application";
		};
/* End PBXNativeTarget section */

/* Begin PBXProject section */
		E1EEFC6F2309A65E006192EE /* Project object */ = {
			isa = PBXProject;
			attributes = {
				LastSwiftUpdateCheck = 1030;
				LastUpgradeCheck = 1030;
				ORGANIZATIONNAME = ukaton;
				TargetAttributes = {
					E1EEFC762309A65E006192EE = {
						CreatedOnToolsVersion = 10.3;
					};
				};
			};
			buildConfigurationList = E1EEFC722309A65E006192EE /* Build configuration list for PBXProject "missions" */;
			compatibilityVersion = "Xcode 9.3";
			developmentRegion = en;
			hasScannedForEncodings = 0;
			knownRegions = (
				en,
				Base,
			);
			mainGroup = E1EEFC6E2309A65E006192EE;
			productRefGroup = E1EEFC782309A65E006192EE /* Products */;
			projectDirPath = "";
			projectRoot = "";
			targets = (
				E1EEFC762309A65E006192EE /* missions */,
			);
		};
/* End PBXProject section */

/* Begin PBXResourcesBuildPhase section */
		E1EEFC752309A65E006192EE /* Resources */ = {
			isa = PBXResourcesBuildPhase;
			buildActionMask = 2147483647;
			files = (
				E1EEFC852309A65F006192EE /* LaunchScreen.storyboard in Resources */,
				E174C98D234C3193002B6A42 /* MissionsView.xib in Resources */,
				EAF98BAE23A99CE900E42645 /* Lover.mp3 in Resources */,
				E1EEFC822309A65F006192EE /* Assets.xcassets in Resources */,
				E1EEFC802309A65E006192EE /* Main.storyboard in Resources */,
			);
			runOnlyForDeploymentPostprocessing = 0;
		};
/* End PBXResourcesBuildPhase section */

/* Begin PBXShellScriptBuildPhase section */
		806F5647E4BC48D9546900F7 /* [CP] Embed Pods Frameworks */ = {
			isa = PBXShellScriptBuildPhase;
			buildActionMask = 2147483647;
			files = (
			);
			inputPaths = (
				"${SRCROOT}/Pods/Target Support Files/Pods-missions/Pods-missions-frameworks.sh",
				"${BUILT_PRODUCTS_DIR}/Socket.IO-Client-Swift/SocketIO.framework",
				"${BUILT_PRODUCTS_DIR}/Starscream/Starscream.framework",
			);
			name = "[CP] Embed Pods Frameworks";
			outputPaths = (
				"${TARGET_BUILD_DIR}/${FRAMEWORKS_FOLDER_PATH}/SocketIO.framework",
				"${TARGET_BUILD_DIR}/${FRAMEWORKS_FOLDER_PATH}/Starscream.framework",
			);
			runOnlyForDeploymentPostprocessing = 0;
			shellPath = /bin/sh;
			shellScript = "\"${SRCROOT}/Pods/Target Support Files/Pods-missions/Pods-missions-frameworks.sh\"\n";
			showEnvVarsInLog = 0;
		};
		D08D9BAAD576B2E87D8528BB /* [CP] Check Pods Manifest.lock */ = {
			isa = PBXShellScriptBuildPhase;
			buildActionMask = 2147483647;
			files = (
			);
			inputPaths = (
				"${PODS_PODFILE_DIR_PATH}/Podfile.lock",
				"${PODS_ROOT}/Manifest.lock",
			);
			name = "[CP] Check Pods Manifest.lock";
			outputPaths = (
				"$(DERIVED_FILE_DIR)/Pods-missions-checkManifestLockResult.txt",
			);
			runOnlyForDeploymentPostprocessing = 0;
			shellPath = /bin/sh;
			shellScript = "diff \"${PODS_PODFILE_DIR_PATH}/Podfile.lock\" \"${PODS_ROOT}/Manifest.lock\" > /dev/null\nif [ $? != 0 ] ; then\n    # print error to STDERR\n    echo \"error: The sandbox is not in sync with the Podfile.lock. Run 'pod install' or update your CocoaPods installation.\" >&2\n    exit 1\nfi\n# This output is used by Xcode 'outputs' to avoid re-running this script phase.\necho \"SUCCESS\" > \"${SCRIPT_OUTPUT_FILE_0}\"\n";
			showEnvVarsInLog = 0;
		};
/* End PBXShellScriptBuildPhase section */

/* Begin PBXSourcesBuildPhase section */
		E1EEFC732309A65E006192EE /* Sources */ = {
			isa = PBXSourcesBuildPhase;
			buildActionMask = 2147483647;
			files = (
				E1DBA5412358B6F7000D458B /* Disk.swift in Sources */,
				E1BFFC6A234A4F0600692E84 /* MainViewController.swift in Sources */,
				E13A6AA1233ADAF4003D3415 /* RightMissionsViewController.swift in Sources */,
				E16C62E5233E7B1F00E7A4C5 /* SelectDeviceTableViewController.swift in Sources */,
				E1BABA8B23259D61009BAACF /* SocketIO.swift in Sources */,
				E18F6AA42338308700AFA7EA /* PageViewController.swift in Sources */,
				E1BC63AD230A0E8B0096A014 /* Missions.swift in Sources */,
				E1DBA59D236353E6000D458B /* Date+Missions.swift in Sources */,
				E1EEFC7D2309A65E006192EE /* MissionsViewController.swift in Sources */,
				E19274F623919CC0002F16BD /* ActivityPredictionViewController.swift in Sources */,
				E19429D323A738FC00F83066 /* SmartShoeInsoleStanceClassifier.mlmodel in Sources */,
				E16C62E7233E7C1000E7A4C5 /* SetupDeviceTableViewController.swift in Sources */,
				E18C923D23688744002BAFF6 /* String+Missions.swift in Sources */,
				EAF98BAB23A98F2100E42645 /* AudioPlayback.swift in Sources */,
				E1DBA590235D2C98000D458B /* Session.swift in Sources */,
				E174C98F234C3642002B6A42 /* MissionsView.swift in Sources */,
				E1EEFC7B2309A65E006192EE /* AppDelegate.swift in Sources */,
				E1BABA892324951C009BAACF /* Camera.swift in Sources */,
				E1367FD723AC6C60009C7B25 /* Array+Missions.swift in Sources */,
				E13A6A9F233ADAD7003D3415 /* LeftMissionsViewController.swift in Sources */,
				E1BFFC68234A4BBA00692E84 /* RecordingTableViewCell.swift in Sources */,
				E18F6AA6233849ED00AFA7EA /* HomePageViewController.swift in Sources */,
				E1DBA59F2363542B000D458B /* TimeInterval+Missions.swift in Sources */,
				E140A2CC2341149C00986539 /* Strings.swift in Sources */,
				E1BC63AF230A45ED0096A014 /* HomeViewController.swift in Sources */,
				E18F6AAE23390BE000AFA7EA /* SelectDeviceTableVIewCell.swift in Sources */,
				E140A2CF2341159800986539 /* NotificationCenter+Missions.swift in Sources */,
				E140A2D22341178000986539 /* NotificationType.swift in Sources */,
				E1BABA8F232EDA74009BAACF /* BLE.swift in Sources */,
				E1DBA58E235D2C77000D458B /* CSwiftV.swift in Sources */,
				E1BABA8D2325A94F009BAACF /* CameraViewController.swift in Sources */,
				E19429D423A738FC00F83066 /* SmartShoeInsoleStanceValue.mlmodel in Sources */,
			);
			runOnlyForDeploymentPostprocessing = 0;
		};
/* End PBXSourcesBuildPhase section */

/* Begin PBXVariantGroup section */
		E1EEFC7E2309A65E006192EE /* Main.storyboard */ = {
			isa = PBXVariantGroup;
			children = (
				E1EEFC7F2309A65E006192EE /* Base */,
			);
			name = Main.storyboard;
			sourceTree = "<group>";
		};
		E1EEFC832309A65F006192EE /* LaunchScreen.storyboard */ = {
			isa = PBXVariantGroup;
			children = (
				E1EEFC842309A65F006192EE /* Base */,
			);
			name = LaunchScreen.storyboard;
			sourceTree = "<group>";
		};
/* End PBXVariantGroup section */

/* Begin XCBuildConfiguration section */
		E1EEFC872309A65F006192EE /* Debug */ = {
			isa = XCBuildConfiguration;
			buildSettings = {
				ALWAYS_SEARCH_USER_PATHS = NO;
				CLANG_ANALYZER_NONNULL = YES;
				CLANG_ANALYZER_NUMBER_OBJECT_CONVERSION = YES_AGGRESSIVE;
				CLANG_CXX_LANGUAGE_STANDARD = "gnu++14";
				CLANG_CXX_LIBRARY = "libc++";
				CLANG_ENABLE_MODULES = YES;
				CLANG_ENABLE_OBJC_ARC = YES;
				CLANG_ENABLE_OBJC_WEAK = YES;
				CLANG_WARN_BLOCK_CAPTURE_AUTORELEASING = YES;
				CLANG_WARN_BOOL_CONVERSION = YES;
				CLANG_WARN_COMMA = YES;
				CLANG_WARN_CONSTANT_CONVERSION = YES;
				CLANG_WARN_DEPRECATED_OBJC_IMPLEMENTATIONS = YES;
				CLANG_WARN_DIRECT_OBJC_ISA_USAGE = YES_ERROR;
				CLANG_WARN_DOCUMENTATION_COMMENTS = YES;
				CLANG_WARN_EMPTY_BODY = YES;
				CLANG_WARN_ENUM_CONVERSION = YES;
				CLANG_WARN_INFINITE_RECURSION = YES;
				CLANG_WARN_INT_CONVERSION = YES;
				CLANG_WARN_NON_LITERAL_NULL_CONVERSION = YES;
				CLANG_WARN_OBJC_IMPLICIT_RETAIN_SELF = YES;
				CLANG_WARN_OBJC_LITERAL_CONVERSION = YES;
				CLANG_WARN_OBJC_ROOT_CLASS = YES_ERROR;
				CLANG_WARN_RANGE_LOOP_ANALYSIS = YES;
				CLANG_WARN_STRICT_PROTOTYPES = YES;
				CLANG_WARN_SUSPICIOUS_MOVE = YES;
				CLANG_WARN_UNGUARDED_AVAILABILITY = YES_AGGRESSIVE;
				CLANG_WARN_UNREACHABLE_CODE = YES;
				CLANG_WARN__DUPLICATE_METHOD_MATCH = YES;
				CODE_SIGN_IDENTITY = "iPhone Developer";
				COPY_PHASE_STRIP = NO;
				DEBUG_INFORMATION_FORMAT = dwarf;
				ENABLE_STRICT_OBJC_MSGSEND = YES;
				ENABLE_TESTABILITY = YES;
				GCC_C_LANGUAGE_STANDARD = gnu11;
				GCC_DYNAMIC_NO_PIC = NO;
				GCC_NO_COMMON_BLOCKS = YES;
				GCC_OPTIMIZATION_LEVEL = 0;
				GCC_PREPROCESSOR_DEFINITIONS = (
					"DEBUG=1",
					"$(inherited)",
				);
				GCC_WARN_64_TO_32_BIT_CONVERSION = YES;
				GCC_WARN_ABOUT_RETURN_TYPE = YES_ERROR;
				GCC_WARN_UNDECLARED_SELECTOR = YES;
				GCC_WARN_UNINITIALIZED_AUTOS = YES_AGGRESSIVE;
				GCC_WARN_UNUSED_FUNCTION = YES;
				GCC_WARN_UNUSED_VARIABLE = YES;
				IPHONEOS_DEPLOYMENT_TARGET = 12.4;
				MTL_ENABLE_DEBUG_INFO = INCLUDE_SOURCE;
				MTL_FAST_MATH = YES;
				ONLY_ACTIVE_ARCH = YES;
				SDKROOT = iphoneos;
				SWIFT_ACTIVE_COMPILATION_CONDITIONS = DEBUG;
				SWIFT_OPTIMIZATION_LEVEL = "-Onone";
			};
			name = Debug;
		};
		E1EEFC882309A65F006192EE /* Release */ = {
			isa = XCBuildConfiguration;
			buildSettings = {
				ALWAYS_SEARCH_USER_PATHS = NO;
				CLANG_ANALYZER_NONNULL = YES;
				CLANG_ANALYZER_NUMBER_OBJECT_CONVERSION = YES_AGGRESSIVE;
				CLANG_CXX_LANGUAGE_STANDARD = "gnu++14";
				CLANG_CXX_LIBRARY = "libc++";
				CLANG_ENABLE_MODULES = YES;
				CLANG_ENABLE_OBJC_ARC = YES;
				CLANG_ENABLE_OBJC_WEAK = YES;
				CLANG_WARN_BLOCK_CAPTURE_AUTORELEASING = YES;
				CLANG_WARN_BOOL_CONVERSION = YES;
				CLANG_WARN_COMMA = YES;
				CLANG_WARN_CONSTANT_CONVERSION = YES;
				CLANG_WARN_DEPRECATED_OBJC_IMPLEMENTATIONS = YES;
				CLANG_WARN_DIRECT_OBJC_ISA_USAGE = YES_ERROR;
				CLANG_WARN_DOCUMENTATION_COMMENTS = YES;
				CLANG_WARN_EMPTY_BODY = YES;
				CLANG_WARN_ENUM_CONVERSION = YES;
				CLANG_WARN_INFINITE_RECURSION = YES;
				CLANG_WARN_INT_CONVERSION = YES;
				CLANG_WARN_NON_LITERAL_NULL_CONVERSION = YES;
				CLANG_WARN_OBJC_IMPLICIT_RETAIN_SELF = YES;
				CLANG_WARN_OBJC_LITERAL_CONVERSION = YES;
				CLANG_WARN_OBJC_ROOT_CLASS = YES_ERROR;
				CLANG_WARN_RANGE_LOOP_ANALYSIS = YES;
				CLANG_WARN_STRICT_PROTOTYPES = YES;
				CLANG_WARN_SUSPICIOUS_MOVE = YES;
				CLANG_WARN_UNGUARDED_AVAILABILITY = YES_AGGRESSIVE;
				CLANG_WARN_UNREACHABLE_CODE = YES;
				CLANG_WARN__DUPLICATE_METHOD_MATCH = YES;
				CODE_SIGN_IDENTITY = "iPhone Developer";
				COPY_PHASE_STRIP = NO;
				DEBUG_INFORMATION_FORMAT = "dwarf-with-dsym";
				ENABLE_NS_ASSERTIONS = NO;
				ENABLE_STRICT_OBJC_MSGSEND = YES;
				GCC_C_LANGUAGE_STANDARD = gnu11;
				GCC_NO_COMMON_BLOCKS = YES;
				GCC_WARN_64_TO_32_BIT_CONVERSION = YES;
				GCC_WARN_ABOUT_RETURN_TYPE = YES_ERROR;
				GCC_WARN_UNDECLARED_SELECTOR = YES;
				GCC_WARN_UNINITIALIZED_AUTOS = YES_AGGRESSIVE;
				GCC_WARN_UNUSED_FUNCTION = YES;
				GCC_WARN_UNUSED_VARIABLE = YES;
				IPHONEOS_DEPLOYMENT_TARGET = 12.4;
				MTL_ENABLE_DEBUG_INFO = NO;
				MTL_FAST_MATH = YES;
				SDKROOT = iphoneos;
				SWIFT_COMPILATION_MODE = wholemodule;
				SWIFT_OPTIMIZATION_LEVEL = "-O";
				VALIDATE_PRODUCT = YES;
			};
			name = Release;
		};
		E1EEFC8A2309A65F006192EE /* Debug */ = {
			isa = XCBuildConfiguration;
			baseConfigurationReference = 9C17EB3290871AA563D09E91 /* Pods-missions.debug.xcconfig */;
			buildSettings = {
				ASSETCATALOG_COMPILER_APPICON_NAME = AppIcon;
				CODE_SIGN_STYLE = Automatic;
				DEVELOPMENT_TEAM = MG88YM735Y;
				INFOPLIST_FILE = missions/Info.plist;
				IPHONEOS_DEPLOYMENT_TARGET = 12.0;
				LD_RUNPATH_SEARCH_PATHS = (
					"$(inherited)",
					"@executable_path/Frameworks",
				);
				PRODUCT_BUNDLE_IDENTIFIER = ukaton.missions;
				PRODUCT_NAME = "$(TARGET_NAME)";
				SWIFT_VERSION = 5.0;
				TARGETED_DEVICE_FAMILY = "1,2";
			};
			name = Debug;
		};
		E1EEFC8B2309A65F006192EE /* Release */ = {
			isa = XCBuildConfiguration;
			baseConfigurationReference = 06BCC4732A22130C4782FCD8 /* Pods-missions.release.xcconfig */;
			buildSettings = {
				ASSETCATALOG_COMPILER_APPICON_NAME = AppIcon;
				CODE_SIGN_STYLE = Automatic;
				DEVELOPMENT_TEAM = MG88YM735Y;
				INFOPLIST_FILE = missions/Info.plist;
				IPHONEOS_DEPLOYMENT_TARGET = 12.0;
				LD_RUNPATH_SEARCH_PATHS = (
					"$(inherited)",
					"@executable_path/Frameworks",
				);
				PRODUCT_BUNDLE_IDENTIFIER = ukaton.missions;
				PRODUCT_NAME = "$(TARGET_NAME)";
				SWIFT_VERSION = 5.0;
				TARGETED_DEVICE_FAMILY = "1,2";
			};
			name = Release;
		};
/* End XCBuildConfiguration section */

/* Begin XCConfigurationList section */
		E1EEFC722309A65E006192EE /* Build configuration list for PBXProject "missions" */ = {
			isa = XCConfigurationList;
			buildConfigurations = (
				E1EEFC872309A65F006192EE /* Debug */,
				E1EEFC882309A65F006192EE /* Release */,
			);
			defaultConfigurationIsVisible = 0;
			defaultConfigurationName = Release;
		};
		E1EEFC892309A65F006192EE /* Build configuration list for PBXNativeTarget "missions" */ = {
			isa = XCConfigurationList;
			buildConfigurations = (
				E1EEFC8A2309A65F006192EE /* Debug */,
				E1EEFC8B2309A65F006192EE /* Release */,
			);
			defaultConfigurationIsVisible = 0;
			defaultConfigurationName = Release;
		};
/* End XCConfigurationList section */
	};
	rootObject = E1EEFC6F2309A65E006192EE /* Project object */;
}
